
Microsoft Visual Studio Solution File, Format Version 11.00
# Visual Studio 2010
Project("{FAE04EC0-301F-11D3-BF4B-00C04F79EFBC}") = "TTTRtcEngineUnity", "Assembly-CSharp.csproj", "{762FE475-31A1-1710-33A8-C433EA29C7C1}"
EndProject
Project("{FAE04EC0-301F-11D3-BF4B-00C04F79EFBC}") = "TTTRtcEngineUnity", "Assembly-CSharp-Editor.csproj", "{4BB6D563-F1E2-F037-757E-5B971A15DED8}"
EndProject
Global
	GlobalSection(SolutionConfigurationPlatforms) = preSolution
		Debug|Any CPU = Debug|Any CPU
		Release|Any CPU = Release|Any CPU
	EndGlobalSection
	GlobalSection(ProjectConfigurationPlatforms) = postSolution
		{762FE475-31A1-1710-33A8-C433EA29C7C1}.Debug|Any CPU.ActiveCfg = Debug|Any CPU
		{762FE475-31A1-1710-33A8-C433EA29C7C1}.Debug|Any CPU.Build.0 = Debug|Any CPU
		{762FE475-31A1-1710-33A8-C433EA29C7C1}.Release|Any CPU.ActiveCfg = Release|Any CPU
		{762FE475-31A1-1710-33A8-C433EA29C7C1}.Release|Any CPU.Build.0 = Release|Any CPU
		{4BB6D563-F1E2-F037-757E-5B971A15DED8}.Debug|Any CPU.ActiveCfg = Debug|Any CPU
		{4BB6D563-F1E2-F037-757E-5B971A15DED8}.Debug|Any CPU.Build.0 = Debug|Any CPU
		{4BB6D563-F1E2-F037-757E-5B971A15DED8}.Release|Any CPU.ActiveCfg = Release|Any CPU
		{4BB6D563-F1E2-F037-757E-5B971A15DED8}.Release|Any CPU.Build.0 = Release|Any CPU
	EndGlobalSection
	GlobalSection(SolutionProperties) = preSolution
		HideSolutionNode = FALSE
	EndGlobalSection
	GlobalSection(MonoDevelopProperties) = preSolution
		StartupItem = Assembly-CSharp.csproj
	EndGlobalSection
EndGlobal
